
Microsoft Visual Studio Solution File, Format Version 12.00
# Visual Studio Version 17
VisualStudioVersion = 17.13.35818.85
MinimumVisualStudioVersion = 10.0.40219.1
Project("{FAE04EC0-301F-11D3-BF4B-00C04F79EFBC}") = "Semente", "frmLogin\Semente.csproj", "{8F4F857E-52D5-4C05-8576-814C18DDB1E9}"
EndProject
Global
	GlobalSection(SolutionConfigurationPlatforms) = preSolution
		Debug|Any CPU = Debug|Any CPU
		Release|Any CPU = Release|Any CPU
	EndGlobalSection
	GlobalSection(ProjectConfigurationPlatforms) = postSolution
		{8F4F857E-52D5-4C05-8576-814C18DDB1E9}.Debug|Any CPU.ActiveCfg = Debug|Any CPU
		{8F4F857E-52D5-4C05-8576-814C18DDB1E9}.Debug|Any CPU.Build.0 = Debug|Any CPU
		{8F4F857E-52D5-4C05-8576-814C18DDB1E9}.Release|Any CPU.ActiveCfg = Release|Any CPU
		{8F4F857E-52D5-4C05-8576-814C18DDB1E9}.Release|Any CPU.Build.0 = Release|Any CPU
	EndGlobalSection
	GlobalSection(SolutionProperties) = preSolution
		HideSolutionNode = FALSE
	EndGlobalSection
	GlobalSection(ExtensibilityGlobals) = postSolution
		SolutionGuid = {A1AD53F5-2D99-402A-A664-F58C20BC1E1E}
	EndGlobalSection
EndGlobal
